
Microsoft Visual Studio Solution File, Format Version 12.00
# Visual Studio 14
VisualStudioVersion = 14.0.25420.1
MinimumVisualStudioVersion = 10.0.40219.1
Project("{FAE04EC0-301F-11D3-BF4B-00C04F79EFBC}") = "ADSEvaluacion1", "ADSEvaluacion1\ADSEvaluacion1.csproj", "{BEEAF7AE-39F4-48E4-8A18-6982DAD5D76A}"
EndProject
Global
	GlobalSection(SolutionConfigurationPlatforms) = preSolution
		Debug|Any CPU = Debug|Any CPU
		Release|Any CPU = Release|Any CPU
	EndGlobalSection
	GlobalSection(ProjectConfigurationPlatforms) = postSolution
		{BEEAF7AE-39F4-48E4-8A18-6982DAD5D76A}.Debug|Any CPU.ActiveCfg = Debug|Any CPU
		{BEEAF7AE-39F4-48E4-8A18-6982DAD5D76A}.Debug|Any CPU.Build.0 = Debug|Any CPU
		{BEEAF7AE-39F4-48E4-8A18-6982DAD5D76A}.Release|Any CPU.ActiveCfg = Release|Any CPU
		{BEEAF7AE-39F4-48E4-8A18-6982DAD5D76A}.Release|Any CPU.Build.0 = Release|Any CPU
	EndGlobalSection
	GlobalSection(SolutionProperties) = preSolution
		HideSolutionNode = FALSE
	EndGlobalSection
EndGlobal
